{
  "requires": true,
  "lockfileVersion": 1,
  "dependencies": {
    "gojs": {
      "version": "2.1.35",
      "resolved": "https://registry.npmjs.org/gojs/-/gojs-2.1.35.tgz",
      "integrity": "sha512-CnTFz16afQ6CpSzyf/8Jygi3FCrCgiRvvi4Y+wHwXkQw44uqMMmREF3mDOiieL1uO15CfpodiOzjalu9FpIX4w=="
    }
  }
}
